
Microsoft Visual Studio Solution File, Format Version 12.00
# Visual Studio Version 16
VisualStudioVersion = 16.0.30717.126
MinimumVisualStudioVersion = 10.0.40219.1
Project("{FAE04EC0-301F-11D3-BF4B-00C04F79EFBC}") = "DatabaseApp", "DatabaseApp\DatabaseApp.csproj", "{06FB5F33-DE6F-42BE-A65E-7ACC94207F30}"
EndProject
Project("{FAE04EC0-301F-11D3-BF4B-00C04F79EFBC}") = "DatabaseAppUnitTest", "DatabaseAppUnitTest\DatabaseAppUnitTest.csproj", "{0BCA0108-7945-420A-AAAC-79715D5AFBD8}"
EndProject
Global
	GlobalSection(SolutionConfigurationPlatforms) = preSolution
		Debug|Any CPU = Debug|Any CPU
		Release|Any CPU = Release|Any CPU
	EndGlobalSection
	GlobalSection(ProjectConfigurationPlatforms) = postSolution
		{06FB5F33-DE6F-42BE-A65E-7ACC94207F30}.Debug|Any CPU.ActiveCfg = Debug|Any CPU
		{06FB5F33-DE6F-42BE-A65E-7ACC94207F30}.Debug|Any CPU.Build.0 = Debug|Any CPU
		{06FB5F33-DE6F-42BE-A65E-7ACC94207F30}.Release|Any CPU.ActiveCfg = Release|Any CPU
		{06FB5F33-DE6F-42BE-A65E-7ACC94207F30}.Release|Any CPU.Build.0 = Release|Any CPU
		{0BCA0108-7945-420A-AAAC-79715D5AFBD8}.Debug|Any CPU.ActiveCfg = Debug|Any CPU
		{0BCA0108-7945-420A-AAAC-79715D5AFBD8}.Debug|Any CPU.Build.0 = Debug|Any CPU
		{0BCA0108-7945-420A-AAAC-79715D5AFBD8}.Release|Any CPU.ActiveCfg = Release|Any CPU
		{0BCA0108-7945-420A-AAAC-79715D5AFBD8}.Release|Any CPU.Build.0 = Release|Any CPU
	EndGlobalSection
	GlobalSection(SolutionProperties) = preSolution
		HideSolutionNode = FALSE
	EndGlobalSection
	GlobalSection(ExtensibilityGlobals) = postSolution
		SolutionGuid = {F6C6DA33-4A54-472E-A59B-88ACB41370EE}
	EndGlobalSection
EndGlobal
